{
  "name": "ejemplo1",
  "version": "1.0.0",
  "lockfileVersion": 2,
  "requires": true,
  "packages": {
    "": {
      "name": "ejemplo1",
      "version": "1.0.0",
      "license": "ISC",
      "dependencies": {
        "country-currency-map": "^2.1.7"
      }
    },
    "node_modules/country-currency-map": {
      "version": "2.1.7",
      "resolved": "https://registry.npmjs.org/country-currency-map/-/country-currency-map-2.1.7.tgz",
      "integrity": "sha512-rc5BDyhghXOrUzlmrwdeRikGXPy9jkOF6Z/ET84u2kvc7hxXUkqfq8VK7PPigK+um6xGPeU+Oz55YJK+Ur5H2Q==",
      "dependencies": {
        "lodash.findkey": "4.6.0"
      }
    },
    "node_modules/lodash.findkey": {
      "version": "4.6.0",
      "resolved": "https://registry.npmjs.org/lodash.findkey/-/lodash.findkey-4.6.0.tgz",
      "integrity": "sha512-Y+f2R8KsUDJVqdfeai01P5A1IQeMWsMG1p0rghzdhIl7TIap47Y2Z5UJK8x4pstixNL56KVHFRE1IW9jvRwy4g=="
    }
  },
  "dependencies": {
    "country-currency-map": {
      "version": "2.1.7",
      "resolved": "https://registry.npmjs.org/country-currency-map/-/country-currency-map-2.1.7.tgz",
      "integrity": "sha512-rc5BDyhghXOrUzlmrwdeRikGXPy9jkOF6Z/ET84u2kvc7hxXUkqfq8VK7PPigK+um6xGPeU+Oz55YJK+Ur5H2Q==",
      "requires": {
        "lodash.findkey": "4.6.0"
      }
    },
    "lodash.findkey": {
      "version": "4.6.0",
      "resolved": "https://registry.npmjs.org/lodash.findkey/-/lodash.findkey-4.6.0.tgz",
      "integrity": "sha512-Y+f2R8KsUDJVqdfeai01P5A1IQeMWsMG1p0rghzdhIl7TIap47Y2Z5UJK8x4pstixNL56KVHFRE1IW9jvRwy4g=="
    }
  }
}
